<?xml version="1.0" encoding="utf-8"?>
<Project ToolsVersion="4.0" xmlns="http://schemas.microsoft.com/developer/msbuild/2003">
  <ItemGroup>
    <Filter Include="Source Files">
      <UniqueIdentifier>{4FC737F1-C7A5-4376-A066-2A32D752A2FF}</UniqueIdentifier>
      <Extensions>cpp;c;cc;cxx;def;odl;idl;hpj;bat;asm;asmx</Extensions>
    </Filter>
    <Filter Include="Header Files">
      <UniqueIdentifier>{93995380-89BD-4b04-88EB-625FBE52EBFB}</UniqueIdentifier>
      <Extensions>h;hh;hpp;hxx;hm;inl;inc;xsd</Extensions>
    </Filter>
    <Filter Include="Resource Files">
      <UniqueIdentifier>{67DA6AB6-F800-4c08-8B7A-83BB121AAD01}</UniqueIdentifier>
      <Extensions>qrc;rc;ico;cur;bmp;dlg;rc2;rct;bin;rgs;gif;jpg;jpeg;jpe;resx;tiff;tif;png;wav;mfcribbon-ms</Extensions>
    </Filter>
    <Filter Include="Form Files">
      <UniqueIdentifier>{99349809-55BA-4b9d-BF79-8FDBB0286EB3}</UniqueIdentifier>
      <Extensions>ui</Extensions>
    </Filter>
    <Filter Include="Translation Files">
      <UniqueIdentifier>{639EADAA-A684-42e4-A9AD-28FC9BCB8F7C}</UniqueIdentifier>
      <Extensions>ts</Extensions>
    </Filter>
  </ItemGroup>
  <ItemGroup>
    <QtRcc Include="PDBExplorer.qrc">
      <Filter>Resource Files</Filter>
    </QtRcc>
    <QtUic Include="PDBExplorer.ui">
      <Filter>Form Files</Filter>
    </QtUic>
    <QtMoc Include="include\PDBExplorer.h">
      <Filter>Header Files</Filter>
    </QtMoc>
    <ClCompile Include="src\PDBExplorer.cpp">
      <Filter>Source Files</Filter>
    </ClCompile>
  </ItemGroup>
  <ItemGroup>
    <ClCompile Include="main.cpp">
      <Filter>Source Files</Filter>
    </ClCompile>
    <ClCompile Include="src\DemangleData.cpp">
      <Filter>Source Files</Filter>
    </ClCompile>
    <ClCompile Include="src\MSVCDemangler.cpp">
      <Filter>Source Files</Filter>
    </ClCompile>
    <ClCompile Include="src\PDB.cpp">
      <Filter>Source Files</Filter>
    </ClCompile>
    <ClCompile Include="src\PDBProcess.cpp">
      <Filter>Source Files</Filter>
    </ClCompile>
    <ClCompile Include="src\PEHeaderParser.cpp">
      <Filter>Source Files</Filter>
    </ClCompile>
    <ClCompile Include="src\regs.cpp">
      <Filter>Source Files</Filter>
    </ClCompile>
    <ClCompile Include="src\OptionsDialog.cpp">
      <Filter>Source Files</Filter>
    </ClCompile>
    <ClCompile Include="src\PDBProcessDialog.cpp">
      <Filter>Source Files</Filter>
    </ClCompile>
  </ItemGroup>
  <ItemGroup>
    <ClInclude Include="include\ArrayType.h">
      <Filter>Header Files</Filter>
    </ClInclude>
    <ClInclude Include="include\BaseClass.h">
      <Filter>Header Files</Filter>
    </ClInclude>
    <ClInclude Include="include\BaseType.h">
      <Filter>Header Files</Filter>
    </ClInclude>
    <ClInclude Include="include\Data.h">
      <Filter>Header Files</Filter>
    </ClInclude>
    <ClInclude Include="include\DataOptions.h">
      <Filter>Header Files</Filter>
    </ClInclude>
    <ClInclude Include="include\DataType.h">
      <Filter>Header Files</Filter>
    </ClInclude>
    <ClInclude Include="include\DemangleData.h">
      <Filter>Header Files</Filter>
    </ClInclude>
    <ClInclude Include="include\Element.h">
      <Filter>Header Files</Filter>
    </ClInclude>
    <ClInclude Include="include\ElementType.h">
      <Filter>Header Files</Filter>
    </ClInclude>
    <ClInclude Include="include\Enum.h">
      <Filter>Header Files</Filter>
    </ClInclude>
    <ClInclude Include="include\Function.h">
      <Filter>Header Files</Filter>
    </ClInclude>
    <ClInclude Include="include\FunctionOptions.h">
      <Filter>Header Files</Filter>
    </ClInclude>
    <ClInclude Include="include\FunctionType.h">
      <Filter>Header Files</Filter>
    </ClInclude>
    <ClInclude Include="include\MSVCDemangler.h">
      <Filter>Header Files</Filter>
    </ClInclude>
    <ClInclude Include="include\Options.h">
      <Filter>Header Files</Filter>
    </ClInclude>
    <ClInclude Include="include\PointerType.h">
      <Filter>Header Files</Filter>
    </ClInclude>
    <ClInclude Include="include\ProcessType.h">
      <Filter>Header Files</Filter>
    </ClInclude>
    <ClInclude Include="include\PublicSymbol.h">
      <Filter>Header Files</Filter>
    </ClInclude>
    <ClInclude Include="include\RecordType.h">
      <Filter>Header Files</Filter>
    </ClInclude>
    <ClInclude Include="include\regs.h">
      <Filter>Header Files</Filter>
    </ClInclude>
    <ClInclude Include="include\SymbolRecord.h">
      <Filter>Header Files</Filter>
    </ClInclude>
    <ClInclude Include="include\SymbolType.h">
      <Filter>Header Files</Filter>
    </ClInclude>
    <ClInclude Include="include\TypeDef.h">
      <Filter>Header Files</Filter>
    </ClInclude>
    <ClInclude Include="include\UDT.h">
      <Filter>Header Files</Filter>
    </ClInclude>
    <ClInclude Include="include\Value.h">
      <Filter>Header Files</Filter>
    </ClInclude>
    <ClInclude Include="include\lexilla\Lexilla.h">
      <Filter>Header Files</Filter>
    </ClInclude>
    <ClInclude Include="include\lexilla\SciLexer.h">
      <Filter>Header Files</Filter>
    </ClInclude>
    <ClInclude Include="include\scintilla\Debugging.h">
      <Filter>Header Files</Filter>
    </ClInclude>
    <ClInclude Include="include\scintilla\Geometry.h">
      <Filter>Header Files</Filter>
    </ClInclude>
    <ClInclude Include="include\scintilla\ILexer.h">
      <Filter>Header Files</Filter>
    </ClInclude>
    <ClInclude Include="include\scintilla\ILoader.h">
      <Filter>Header Files</Filter>
    </ClInclude>
    <ClInclude Include="include\scintilla\Platform.h">
      <Filter>Header Files</Filter>
    </ClInclude>
    <ClInclude Include="include\scintilla\PlatQt.h">
      <Filter>Header Files</Filter>
    </ClInclude>
    <ClInclude Include="include\scintilla\Sci_Position.h">
      <Filter>Header Files</Filter>
    </ClInclude>
    <ClInclude Include="include\scintilla\Scintilla.h">
      <Filter>Header Files</Filter>
    </ClInclude>
    <ClInclude Include="include\scintilla\ScintillaCall.h">
      <Filter>Header Files</Filter>
    </ClInclude>
    <ClInclude Include="include\scintilla\ScintillaMessages.h">
      <Filter>Header Files</Filter>
    </ClInclude>
    <ClInclude Include="include\scintilla\ScintillaStructures.h">
      <Filter>Header Files</Filter>
    </ClInclude>
    <ClInclude Include="include\scintilla\ScintillaTypes.h">
      <Filter>Header Files</Filter>
    </ClInclude>
    <ClInclude Include="include\scintilla\ScintillaWidget.h">
      <Filter>Header Files</Filter>
    </ClInclude>
  </ItemGroup>
  <ItemGroup>
    <QtMoc Include="include\PDB.h">
      <Filter>Header Files</Filter>
    </QtMoc>
    <QtMoc Include="include\PDBProcess.h">
      <Filter>Header Files</Filter>
    </QtMoc>
    <QtMoc Include="include\PEHeaderParser.h">
      <Filter>Header Files</Filter>
    </QtMoc>
    <QtMoc Include="include\OptionsDialog.h">
      <Filter>Header Files</Filter>
    </QtMoc>
    <QtMoc Include="include\PDBProcessDialog.h">
      <Filter>Header Files</Filter>
    </QtMoc>
    <QtMoc Include="include\scintilla\ScintillaDocument.h">
      <Filter>Header Files</Filter>
    </QtMoc>
    <QtMoc Include="include\scintilla\ScintillaEdit.h">
      <Filter>Header Files</Filter>
    </QtMoc>
    <QtMoc Include="include\scintilla\ScintillaEditBase.h">
      <Filter>Header Files</Filter>
    </QtMoc>
  </ItemGroup>
  <ItemGroup>
    <QtUic Include="OptionsDialog.ui">
      <Filter>Form Files</Filter>
    </QtUic>
    <QtUic Include="PDBProcessDialog.ui">
      <Filter>Form Files</Filter>
    </QtUic>
  </ItemGroup>
</Project>